
Microsoft Visual Studio Solution File, Format Version 12.00
# Visual Studio 14
VisualStudioVersion = 14.0.25420.1
MinimumVisualStudioVersion = 10.0.40219.1
Project("{FAE04EC0-301F-11D3-BF4B-00C04F79EFBC}") = "Modulo_Peliculas", "Modulo_Peliculas\Modulo_Peliculas.csproj", "{B5C3938B-0D22-4B37-9402-F3D971837487}"
EndProject
Project("{FAE04EC0-301F-11D3-BF4B-00C04F79EFBC}") = "Modulo_Peliculas_Model", "Modulo_Peliculas_Model\Modulo_Peliculas_Model.csproj", "{72FDCC58-FADF-4B91-ACD3-CA9D6F6F0E42}"
EndProject
Project("{FAE04EC0-301F-11D3-BF4B-00C04F79EFBC}") = "Modulo_Peliculas_BL", "Modulo_Peliculas_BL\Modulo_Peliculas_BL.csproj", "{B45B737A-EDC5-46E6-A6F9-08983308B983}"
EndProject
Global
	GlobalSection(SolutionConfigurationPlatforms) = preSolution
		Debug|Any CPU = Debug|Any CPU
		Release|Any CPU = Release|Any CPU
	EndGlobalSection
	GlobalSection(ProjectConfigurationPlatforms) = postSolution
		{B5C3938B-0D22-4B37-9402-F3D971837487}.Debug|Any CPU.ActiveCfg = Debug|Any CPU
		{B5C3938B-0D22-4B37-9402-F3D971837487}.Debug|Any CPU.Build.0 = Debug|Any CPU
		{B5C3938B-0D22-4B37-9402-F3D971837487}.Release|Any CPU.ActiveCfg = Release|Any CPU
		{B5C3938B-0D22-4B37-9402-F3D971837487}.Release|Any CPU.Build.0 = Release|Any CPU
		{72FDCC58-FADF-4B91-ACD3-CA9D6F6F0E42}.Debug|Any CPU.ActiveCfg = Debug|Any CPU
		{72FDCC58-FADF-4B91-ACD3-CA9D6F6F0E42}.Debug|Any CPU.Build.0 = Debug|Any CPU
		{72FDCC58-FADF-4B91-ACD3-CA9D6F6F0E42}.Release|Any CPU.ActiveCfg = Release|Any CPU
		{72FDCC58-FADF-4B91-ACD3-CA9D6F6F0E42}.Release|Any CPU.Build.0 = Release|Any CPU
		{B45B737A-EDC5-46E6-A6F9-08983308B983}.Debug|Any CPU.ActiveCfg = Debug|Any CPU
		{B45B737A-EDC5-46E6-A6F9-08983308B983}.Debug|Any CPU.Build.0 = Debug|Any CPU
		{B45B737A-EDC5-46E6-A6F9-08983308B983}.Release|Any CPU.ActiveCfg = Release|Any CPU
		{B45B737A-EDC5-46E6-A6F9-08983308B983}.Release|Any CPU.Build.0 = Release|Any CPU
	EndGlobalSection
	GlobalSection(SolutionProperties) = preSolution
		HideSolutionNode = FALSE
	EndGlobalSection
EndGlobal
